
Microsoft Visual Studio Solution File, Format Version 10.00
# Visual Studio 2008
Project("{8BC9CEB8-8B4A-11D0-8D11-00A0C91BC942}") = "GOOGLEMAP", "GOOGLEMAP.vcproj", "{AD5888D1-3DB1-4904-B0DD-B9AAD444DB9A}"
EndProject
Global
	GlobalSection(SubversionScc) = preSolution
		Svn-Managed = True
		Manager = AnkhSVN - Subversion Support for Visual Studio
	EndGlobalSection
	GlobalSection(SolutionConfigurationPlatforms) = preSolution
		Debug|Win32 = Debug|Win32
		Release|Win32 = Release|Win32
	EndGlobalSection
	GlobalSection(ProjectConfigurationPlatforms) = postSolution
		{AD5888D1-3DB1-4904-B0DD-B9AAD444DB9A}.Debug|Win32.ActiveCfg = Debug|Win32
		{AD5888D1-3DB1-4904-B0DD-B9AAD444DB9A}.Debug|Win32.Build.0 = Debug|Win32
		{AD5888D1-3DB1-4904-B0DD-B9AAD444DB9A}.Release|Win32.ActiveCfg = Release|Win32
		{AD5888D1-3DB1-4904-B0DD-B9AAD444DB9A}.Release|Win32.Build.0 = Release|Win32
	EndGlobalSection
	GlobalSection(SolutionProperties) = preSolution
		HideSolutionNode = FALSE
	EndGlobalSection
EndGlobal
